
Microsoft Visual Studio Solution File, Format Version 12.00
# Visual Studio 15
VisualStudioVersion = 15.0.27004.2002
MinimumVisualStudioVersion = 10.0.40219.1
Project("{FAE04EC0-301F-11D3-BF4B-00C04F79EFBC}") = "DLC_Manager", "DLC_Manager\DLC_Manager.csproj", "{AE1DC683-482E-4237-B23E-21145473E253}"
EndProject
Global
	GlobalSection(SolutionConfigurationPlatforms) = preSolution
		Debug|Any CPU = Debug|Any CPU
		Release|Any CPU = Release|Any CPU
	EndGlobalSection
	GlobalSection(ProjectConfigurationPlatforms) = postSolution
		{AE1DC683-482E-4237-B23E-21145473E253}.Debug|Any CPU.ActiveCfg = Debug|Any CPU
		{AE1DC683-482E-4237-B23E-21145473E253}.Debug|Any CPU.Build.0 = Debug|Any CPU
		{AE1DC683-482E-4237-B23E-21145473E253}.Release|Any CPU.ActiveCfg = Release|Any CPU
		{AE1DC683-482E-4237-B23E-21145473E253}.Release|Any CPU.Build.0 = Release|Any CPU
	EndGlobalSection
	GlobalSection(SolutionProperties) = preSolution
		HideSolutionNode = FALSE
	EndGlobalSection
	GlobalSection(ExtensibilityGlobals) = postSolution
		SolutionGuid = {53C3E7A1-EAF9-4F74-904B-3802EE2CB0B8}
	EndGlobalSection
EndGlobal
